
Microsoft Visual Studio Solution File, Format Version 12.00
# Visual Studio Version 16
VisualStudioVersion = 16.0.31229.75
MinimumVisualStudioVersion = 10.0.40219.1
Project("{FAE04EC0-301F-11D3-BF4B-00C04F79EFBC}") = "GestaoCompra.Api", "GestaoCompra.Api\GestaoCompra.Api.csproj", "{5A055174-FD4C-40D4-89A1-812DE27B0521}"
EndProject
Project("{FAE04EC0-301F-11D3-BF4B-00C04F79EFBC}") = "GestaoCompra.Core", "GestaoCompra.Business\GestaoCompra.Core.csproj", "{24698FB5-2028-4C0C-82AF-37BCD01E931D}"
EndProject
Project("{FAE04EC0-301F-11D3-BF4B-00C04F79EFBC}") = "GestaoCompra.Infra", "GestaoCompra.Infra\GestaoCompra.Infra.csproj", "{7F2A4BA9-4DC3-489F-BA5A-C12B19CD673E}"
EndProject
Project("{FAE04EC0-301F-11D3-BF4B-00C04F79EFBC}") = "GestaoCompra.Application", "GestaoCompra.Application\GestaoCompra.Application.csproj", "{0D715605-644E-458F-9D91-A89319630813}"
EndProject
Global
	GlobalSection(SolutionConfigurationPlatforms) = preSolution
		Debug|Any CPU = Debug|Any CPU
		Release|Any CPU = Release|Any CPU
	EndGlobalSection
	GlobalSection(ProjectConfigurationPlatforms) = postSolution
		{5A055174-FD4C-40D4-89A1-812DE27B0521}.Debug|Any CPU.ActiveCfg = Debug|Any CPU
		{5A055174-FD4C-40D4-89A1-812DE27B0521}.Debug|Any CPU.Build.0 = Debug|Any CPU
		{5A055174-FD4C-40D4-89A1-812DE27B0521}.Release|Any CPU.ActiveCfg = Release|Any CPU
		{5A055174-FD4C-40D4-89A1-812DE27B0521}.Release|Any CPU.Build.0 = Release|Any CPU
		{24698FB5-2028-4C0C-82AF-37BCD01E931D}.Debug|Any CPU.ActiveCfg = Debug|Any CPU
		{24698FB5-2028-4C0C-82AF-37BCD01E931D}.Debug|Any CPU.Build.0 = Debug|Any CPU
		{24698FB5-2028-4C0C-82AF-37BCD01E931D}.Release|Any CPU.ActiveCfg = Release|Any CPU
		{24698FB5-2028-4C0C-82AF-37BCD01E931D}.Release|Any CPU.Build.0 = Release|Any CPU
		{7F2A4BA9-4DC3-489F-BA5A-C12B19CD673E}.Debug|Any CPU.ActiveCfg = Debug|Any CPU
		{7F2A4BA9-4DC3-489F-BA5A-C12B19CD673E}.Debug|Any CPU.Build.0 = Debug|Any CPU
		{7F2A4BA9-4DC3-489F-BA5A-C12B19CD673E}.Release|Any CPU.ActiveCfg = Release|Any CPU
		{7F2A4BA9-4DC3-489F-BA5A-C12B19CD673E}.Release|Any CPU.Build.0 = Release|Any CPU
		{0D715605-644E-458F-9D91-A89319630813}.Debug|Any CPU.ActiveCfg = Debug|Any CPU
		{0D715605-644E-458F-9D91-A89319630813}.Debug|Any CPU.Build.0 = Debug|Any CPU
		{0D715605-644E-458F-9D91-A89319630813}.Release|Any CPU.ActiveCfg = Release|Any CPU
		{0D715605-644E-458F-9D91-A89319630813}.Release|Any CPU.Build.0 = Release|Any CPU
	EndGlobalSection
	GlobalSection(SolutionProperties) = preSolution
		HideSolutionNode = FALSE
	EndGlobalSection
	GlobalSection(ExtensibilityGlobals) = postSolution
		SolutionGuid = {A0AC2083-16A9-4C28-B4FE-901292D215D3}
	EndGlobalSection
EndGlobal
